// !$*UTF8*$!
{
	archiveVersion = 1;
	classes = {
	};
	objectVersion = 51;
	objects = {

/* Begin PBXBuildFile section */
		49109B9E24A61B0E003310FB /* AuthViewController.swift in Sources */ = {isa = PBXBuildFile; fileRef = 49109B9D24A61B0E003310FB /* AuthViewController.swift */; };
		49109BA024A61C0F003310FB /* UIButton+Functionality.swift in Sources */ = {isa = PBXBuildFile; fileRef = 49109B9F24A61C0F003310FB /* UIButton+Functionality.swift */; };
		49109BA224A62E01003310FB /* UITextField+Functionality.swift in Sources */ = {isa = PBXBuildFile; fileRef = 49109BA124A62E01003310FB /* UITextField+Functionality.swift */; };
		49109BA424A63398003310FB /* UIViewController+Functionality.swift in Sources */ = {isa = PBXBuildFile; fileRef = 49109BA324A63398003310FB /* UIViewController+Functionality.swift */; };
		4927522823432F4200FCFA6E /* AppDelegate.swift in Sources */ = {isa = PBXBuildFile; fileRef = 4927522723432F4200FCFA6E /* AppDelegate.swift */; };
		4927522A23432F4200FCFA6E /* SceneDelegate.swift in Sources */ = {isa = PBXBuildFile; fileRef = 4927522923432F4200FCFA6E /* SceneDelegate.swift */; };
		4927522C23432F4200FCFA6E /* TasksViewController.swift in Sources */ = {isa = PBXBuildFile; fileRef = 4927522B23432F4200FCFA6E /* TasksViewController.swift */; };
		4927522F23432F4200FCFA6E /* Main.storyboard in Resources */ = {isa = PBXBuildFile; fileRef = 4927522D23432F4200FCFA6E /* Main.storyboard */; };
		4927523123432F4300FCFA6E /* Assets.xcassets in Resources */ = {isa = PBXBuildFile; fileRef = 4927523023432F4300FCFA6E /* Assets.xcassets */; };
		4927523423432F4300FCFA6E /* LaunchScreen.storyboard in Resources */ = {isa = PBXBuildFile; fileRef = 4927523223432F4300FCFA6E /* LaunchScreen.storyboard */; };
		492DFC2F24B8424A00D9D862 /* Task.swift in Sources */ = {isa = PBXBuildFile; fileRef = 492DFC2E24B8424A00D9D862 /* Task.swift */; };
		492DFC3224B84D5D00D9D862 /* Onboarding.storyboard in Resources */ = {isa = PBXBuildFile; fileRef = 492DFC3124B84D5D00D9D862 /* Onboarding.storyboard */; };
		49498E8324A897E400064238 /* GoogleService-Info.plist in Resources */ = {isa = PBXBuildFile; fileRef = 49498E8224A897E400064238 /* GoogleService-Info.plist */; };
		494FC52A24B0152600BB9F90 /* TaskTableViewCell.swift in Sources */ = {isa = PBXBuildFile; fileRef = 494FC52924B0152600BB9F90 /* TaskTableViewCell.swift */; };
		495C3BAB24D4368F00B65CB6 /* AddViewController.swift in Sources */ = {isa = PBXBuildFile; fileRef = 495C3BAA24D4368F00B65CB6 /* AddViewController.swift */; };
		499B42B624C29DF10069D739 /* OnboardingViewController.swift in Sources */ = {isa = PBXBuildFile; fileRef = 499B42B524C29DF10069D739 /* OnboardingViewController.swift */; };
		49DFF319249DB1E20030D5AD /* ListeButton.swift in Sources */ = {isa = PBXBuildFile; fileRef = 49DFF318249DB1E20030D5AD /* ListeButton.swift */; };
		49DFF31B249DB26F0030D5AD /* Auth.storyboard in Resources */ = {isa = PBXBuildFile; fileRef = 49DFF31A249DB26F0030D5AD /* Auth.storyboard */; };
		7EA3CE3EC1001298DE66C414 /* Pods_Liste.framework in Frameworks */ = {isa = PBXBuildFile; fileRef = A6EAE577C331A812E3B32A9A /* Pods_Liste.framework */; };
/* End PBXBuildFile section */

/* Begin PBXFileReference section */
		49109B9D24A61B0E003310FB /* AuthViewController.swift */ = {isa = PBXFileReference; lastKnownFileType = sourcecode.swift; path = AuthViewController.swift; sourceTree = "<group>"; };
		49109B9F24A61C0F003310FB /* UIButton+Functionality.swift */ = {isa = PBXFileReference; lastKnownFileType = sourcecode.swift; path = "UIButton+Functionality.swift"; sourceTree = "<group>"; };
		49109BA124A62E01003310FB /* UITextField+Functionality.swift */ = {isa = PBXFileReference; lastKnownFileType = sourcecode.swift; path = "UITextField+Functionality.swift"; sourceTree = "<group>"; };
		49109BA324A63398003310FB /* UIViewController+Functionality.swift */ = {isa = PBXFileReference; lastKnownFileType = sourcecode.swift; path = "UIViewController+Functionality.swift"; sourceTree = "<group>"; };
		4927522423432F4200FCFA6E /* Liste.app */ = {isa = PBXFileReference; explicitFileType = wrapper.application; includeInIndex = 0; path = Liste.app; sourceTree = BUILT_PRODUCTS_DIR; };
		4927522723432F4200FCFA6E /* AppDelegate.swift */ = {isa = PBXFileReference; lastKnownFileType = sourcecode.swift; path = AppDelegate.swift; sourceTree = "<group>"; };
		4927522923432F4200FCFA6E /* SceneDelegate.swift */ = {isa = PBXFileReference; lastKnownFileType = sourcecode.swift; path = SceneDelegate.swift; sourceTree = "<group>"; };
		4927522B23432F4200FCFA6E /* TasksViewController.swift */ = {isa = PBXFileReference; lastKnownFileType = sourcecode.swift; path = TasksViewController.swift; sourceTree = "<group>"; };
		4927522E23432F4200FCFA6E /* Base */ = {isa = PBXFileReference; lastKnownFileType = file.storyboard; name = Base; path = Base.lproj/Main.storyboard; sourceTree = "<group>"; };
		4927523023432F4300FCFA6E /* Assets.xcassets */ = {isa = PBXFileReference; lastKnownFileType = folder.assetcatalog; path = Assets.xcassets; sourceTree = "<group>"; };
		4927523323432F4300FCFA6E /* Base */ = {isa = PBXFileReference; lastKnownFileType = file.storyboard; name = Base; path = Base.lproj/LaunchScreen.storyboard; sourceTree = "<group>"; };
		4927523523432F4300FCFA6E /* Info.plist */ = {isa = PBXFileReference; lastKnownFileType = text.plist.xml; path = Info.plist; sourceTree = "<group>"; };
		492DFC2E24B8424A00D9D862 /* Task.swift */ = {isa = PBXFileReference; lastKnownFileType = sourcecode.swift; path = Task.swift; sourceTree = "<group>"; };
		492DFC3124B84D5D00D9D862 /* Onboarding.storyboard */ = {isa = PBXFileReference; lastKnownFileType = file.storyboard; path = Onboarding.storyboard; sourceTree = "<group>"; };
		49498E8224A897E400064238 /* GoogleService-Info.plist */ = {isa = PBXFileReference; fileEncoding = 4; lastKnownFileType = text.plist.xml; path = "GoogleService-Info.plist"; sourceTree = "<group>"; };
		494FC52924B0152600BB9F90 /* TaskTableViewCell.swift */ = {isa = PBXFileReference; fileEncoding = 4; lastKnownFileType = sourcecode.swift; path = TaskTableViewCell.swift; sourceTree = "<group>"; };
		495C3BAA24D4368F00B65CB6 /* AddViewController.swift */ = {isa = PBXFileReference; lastKnownFileType = sourcecode.swift; path = AddViewController.swift; sourceTree = "<group>"; };
		499B42B524C29DF10069D739 /* OnboardingViewController.swift */ = {isa = PBXFileReference; lastKnownFileType = sourcecode.swift; path = OnboardingViewController.swift; sourceTree = "<group>"; };
		49DFF318249DB1E20030D5AD /* ListeButton.swift */ = {isa = PBXFileReference; lastKnownFileType = sourcecode.swift; path = ListeButton.swift; sourceTree = "<group>"; };
		49DFF31A249DB26F0030D5AD /* Auth.storyboard */ = {isa = PBXFileReference; lastKnownFileType = file.storyboard; path = Auth.storyboard; sourceTree = "<group>"; };
		55D8F4B67E36774477049986 /* Pods-Liste.release.xcconfig */ = {isa = PBXFileReference; includeInIndex = 1; lastKnownFileType = text.xcconfig; name = "Pods-Liste.release.xcconfig"; path = "Target Support Files/Pods-Liste/Pods-Liste.release.xcconfig"; sourceTree = "<group>"; };
		74ED5CE3EDC516BC55368A0A /* Pods-Liste.debug.xcconfig */ = {isa = PBXFileReference; includeInIndex = 1; lastKnownFileType = text.xcconfig; name = "Pods-Liste.debug.xcconfig"; path = "Target Support Files/Pods-Liste/Pods-Liste.debug.xcconfig"; sourceTree = "<group>"; };
		A6EAE577C331A812E3B32A9A /* Pods_Liste.framework */ = {isa = PBXFileReference; explicitFileType = wrapper.framework; includeInIndex = 0; path = Pods_Liste.framework; sourceTree = BUILT_PRODUCTS_DIR; };
/* End PBXFileReference section */

/* Begin PBXFrameworksBuildPhase section */
		4927522123432F4200FCFA6E /* Frameworks */ = {
			isa = PBXFrameworksBuildPhase;
			buildActionMask = 2147483647;
			files = (
				7EA3CE3EC1001298DE66C414 /* Pods_Liste.framework in Frameworks */,
			);
			runOnlyForDeploymentPostprocessing = 0;
		};
/* End PBXFrameworksBuildPhase section */

/* Begin PBXGroup section */
		36D80AC0C338854C6946527E /* Frameworks */ = {
			isa = PBXGroup;
			children = (
				A6EAE577C331A812E3B32A9A /* Pods_Liste.framework */,
			);
			name = Frameworks;
			sourceTree = "<group>";
		};
		4927521B23432F4200FCFA6E = {
			isa = PBXGroup;
			children = (
				4927522623432F4200FCFA6E /* Liste */,
				4927522523432F4200FCFA6E /* Products */,
				D4B8E8C96D3538A984B2E55A /* Pods */,
				36D80AC0C338854C6946527E /* Frameworks */,
			);
			sourceTree = "<group>";
		};
		4927522523432F4200FCFA6E /* Products */ = {
			isa = PBXGroup;
			children = (
				4927522423432F4200FCFA6E /* Liste.app */,
			);
			name = Products;
			sourceTree = "<group>";
		};
		4927522623432F4200FCFA6E /* Liste */ = {
			isa = PBXGroup;
			children = (
				497911B82423A4EB001432F5 /* Screens */,
				49DFF317249DB1A20030D5AD /* Extensions */,
				497911BA2423A50E001432F5 /* Resources */,
				497911BB2423A520001432F5 /* Supporting Files */,
			);
			path = Liste;
			sourceTree = "<group>";
		};
		492DFC3024B84D5100D9D862 /* Onboarding */ = {
			isa = PBXGroup;
			children = (
				492DFC3124B84D5D00D9D862 /* Onboarding.storyboard */,
				499B42B524C29DF10069D739 /* OnboardingViewController.swift */,
			);
			path = Onboarding;
			sourceTree = "<group>";
		};
		497911B82423A4EB001432F5 /* Screens */ = {
			isa = PBXGroup;
			children = (
				49DFF314249DAFCE0030D5AD /* Main */,
				49DFF315249DB0B60030D5AD /* Auth */,
				492DFC3024B84D5100D9D862 /* Onboarding */,
			);
			path = Screens;
			sourceTree = "<group>";
		};
		497911BA2423A50E001432F5 /* Resources */ = {
			isa = PBXGroup;
			children = (
				4927523023432F4300FCFA6E /* Assets.xcassets */,
			);
			name = Resources;
			sourceTree = "<group>";
		};
		497911BB2423A520001432F5 /* Supporting Files */ = {
			isa = PBXGroup;
			children = (
				4927522723432F4200FCFA6E /* AppDelegate.swift */,
				4927522923432F4200FCFA6E /* SceneDelegate.swift */,
				4927523223432F4300FCFA6E /* LaunchScreen.storyboard */,
				4927523523432F4300FCFA6E /* Info.plist */,
				49498E8224A897E400064238 /* GoogleService-Info.plist */,
			);
			name = "Supporting Files";
			sourceTree = "<group>";
		};
		49DFF314249DAFCE0030D5AD /* Main */ = {
			isa = PBXGroup;
			children = (
				4927522D23432F4200FCFA6E /* Main.storyboard */,
				4927522B23432F4200FCFA6E /* TasksViewController.swift */,
				494FC52924B0152600BB9F90 /* TaskTableViewCell.swift */,
				495C3BAA24D4368F00B65CB6 /* AddViewController.swift */,
			);
			path = Main;
			sourceTree = "<group>";
		};
		49DFF315249DB0B60030D5AD /* Auth */ = {
			isa = PBXGroup;
			children = (
				49DFF31A249DB26F0030D5AD /* Auth.storyboard */,
				49109B9D24A61B0E003310FB /* AuthViewController.swift */,
			);
			path = Auth;
			sourceTree = "<group>";
		};
		49DFF317249DB1A20030D5AD /* Extensions */ = {
			isa = PBXGroup;
			children = (
				49DFF318249DB1E20030D5AD /* ListeButton.swift */,
				49109B9F24A61C0F003310FB /* UIButton+Functionality.swift */,
				49109BA124A62E01003310FB /* UITextField+Functionality.swift */,
				49109BA324A63398003310FB /* UIViewController+Functionality.swift */,
				492DFC2E24B8424A00D9D862 /* Task.swift */,
			);
			path = Extensions;
			sourceTree = "<group>";
		};
		D4B8E8C96D3538A984B2E55A /* Pods */ = {
			isa = PBXGroup;
			children = (
				74ED5CE3EDC516BC55368A0A /* Pods-Liste.debug.xcconfig */,
				55D8F4B67E36774477049986 /* Pods-Liste.release.xcconfig */,
			);
			path = Pods;
			sourceTree = "<group>";
		};
/* End PBXGroup section */

/* Begin PBXNativeTarget section */
		4927522323432F4200FCFA6E /* Liste */ = {
			isa = PBXNativeTarget;
			buildConfigurationList = 4927523823432F4300FCFA6E /* Build configuration list for PBXNativeTarget "Liste" */;
			buildPhases = (
				ED17F85621BA5D2D6B55416C /* [CP] Check Pods Manifest.lock */,
				4927522023432F4200FCFA6E /* Sources */,
				4927522123432F4200FCFA6E /* Frameworks */,
				4927522223432F4200FCFA6E /* Resources */,
				960B33B4887CBBE88F66EFFE /* [CP] Embed Pods Frameworks */,
			);
			buildRules = (
			);
			dependencies = (
			);
			name = Liste;
			productName = Liste;
			productReference = 4927522423432F4200FCFA6E /* Liste.app */;
			productType = "com.apple.product-type.application";
		};
/* End PBXNativeTarget section */

/* Begin PBXProject section */
		4927521C23432F4200FCFA6E /* Project object */ = {
			isa = PBXProject;
			attributes = {
				LastSwiftUpdateCheck = 1100;
				LastUpgradeCheck = 1200;
				ORGANIZATIONNAME = Apprendre;
				TargetAttributes = {
					4927522323432F4200FCFA6E = {
						CreatedOnToolsVersion = 11.0;
					};
				};
			};
			buildConfigurationList = 4927521F23432F4200FCFA6E /* Build configuration list for PBXProject "Liste" */;
			compatibilityVersion = "Xcode 9.3";
			developmentRegion = en;
			hasScannedForEncodings = 0;
			knownRegions = (
				en,
				Base,
			);
			mainGroup = 4927521B23432F4200FCFA6E;
			productRefGroup = 4927522523432F4200FCFA6E /* Products */;
			projectDirPath = "";
			projectRoot = "";
			targets = (
				4927522323432F4200FCFA6E /* Liste */,
			);
		};
/* End PBXProject section */

/* Begin PBXResourcesBuildPhase section */
		4927522223432F4200FCFA6E /* Resources */ = {
			isa = PBXResourcesBuildPhase;
			buildActionMask = 2147483647;
			files = (
				4927523423432F4300FCFA6E /* LaunchScreen.storyboard in Resources */,
				49DFF31B249DB26F0030D5AD /* Auth.storyboard in Resources */,
				49498E8324A897E400064238 /* GoogleService-Info.plist in Resources */,
				492DFC3224B84D5D00D9D862 /* Onboarding.storyboard in Resources */,
				4927523123432F4300FCFA6E /* Assets.xcassets in Resources */,
				4927522F23432F4200FCFA6E /* Main.storyboard in Resources */,
			);
			runOnlyForDeploymentPostprocessing = 0;
		};
/* End PBXResourcesBuildPhase section */

/* Begin PBXShellScriptBuildPhase section */
		960B33B4887CBBE88F66EFFE /* [CP] Embed Pods Frameworks */ = {
			isa = PBXShellScriptBuildPhase;
			buildActionMask = 2147483647;
			files = (
			);
			inputFileListPaths = (
				"${PODS_ROOT}/Target Support Files/Pods-Liste/Pods-Liste-frameworks-${CONFIGURATION}-input-files.xcfilelist",
			);
			name = "[CP] Embed Pods Frameworks";
			outputFileListPaths = (
				"${PODS_ROOT}/Target Support Files/Pods-Liste/Pods-Liste-frameworks-${CONFIGURATION}-output-files.xcfilelist",
			);
			runOnlyForDeploymentPostprocessing = 0;
			shellPath = /bin/sh;
			shellScript = "\"${PODS_ROOT}/Target Support Files/Pods-Liste/Pods-Liste-frameworks.sh\"\n";
			showEnvVarsInLog = 0;
		};
		ED17F85621BA5D2D6B55416C /* [CP] Check Pods Manifest.lock */ = {
			isa = PBXShellScriptBuildPhase;
			buildActionMask = 2147483647;
			files = (
			);
			inputFileListPaths = (
			);
			inputPaths = (
				"${PODS_PODFILE_DIR_PATH}/Podfile.lock",
				"${PODS_ROOT}/Manifest.lock",
			);
			name = "[CP] Check Pods Manifest.lock";
			outputFileListPaths = (
			);
			outputPaths = (
				"$(DERIVED_FILE_DIR)/Pods-Liste-checkManifestLockResult.txt",
			);
			runOnlyForDeploymentPostprocessing = 0;
			shellPath = /bin/sh;
			shellScript = "diff \"${PODS_PODFILE_DIR_PATH}/Podfile.lock\" \"${PODS_ROOT}/Manifest.lock\" > /dev/null\nif [ $? != 0 ] ; then\n    # print error to STDERR\n    echo \"error: The sandbox is not in sync with the Podfile.lock. Run 'pod install' or update your CocoaPods installation.\" >&2\n    exit 1\nfi\n# This output is used by Xcode 'outputs' to avoid re-running this script phase.\necho \"SUCCESS\" > \"${SCRIPT_OUTPUT_FILE_0}\"\n";
			showEnvVarsInLog = 0;
		};
/* End PBXShellScriptBuildPhase section */

/* Begin PBXSourcesBuildPhase section */
		4927522023432F4200FCFA6E /* Sources */ = {
			isa = PBXSourcesBuildPhase;
			buildActionMask = 2147483647;
			files = (
				49109BA424A63398003310FB /* UIViewController+Functionality.swift in Sources */,
				4927522C23432F4200FCFA6E /* TasksViewController.swift in Sources */,
				495C3BAB24D4368F00B65CB6 /* AddViewController.swift in Sources */,
				492DFC2F24B8424A00D9D862 /* Task.swift in Sources */,
				494FC52A24B0152600BB9F90 /* TaskTableViewCell.swift in Sources */,
				49109BA224A62E01003310FB /* UITextField+Functionality.swift in Sources */,
				49DFF319249DB1E20030D5AD /* ListeButton.swift in Sources */,
				49109B9E24A61B0E003310FB /* AuthViewController.swift in Sources */,
				4927522823432F4200FCFA6E /* AppDelegate.swift in Sources */,
				4927522A23432F4200FCFA6E /* SceneDelegate.swift in Sources */,
				499B42B624C29DF10069D739 /* OnboardingViewController.swift in Sources */,
				49109BA024A61C0F003310FB /* UIButton+Functionality.swift in Sources */,
			);
			runOnlyForDeploymentPostprocessing = 0;
		};
/* End PBXSourcesBuildPhase section */

/* Begin PBXVariantGroup section */
		4927522D23432F4200FCFA6E /* Main.storyboard */ = {
			isa = PBXVariantGroup;
			children = (
				4927522E23432F4200FCFA6E /* Base */,
			);
			name = Main.storyboard;
			sourceTree = "<group>";
		};
		4927523223432F4300FCFA6E /* LaunchScreen.storyboard */ = {
			isa = PBXVariantGroup;
			children = (
				4927523323432F4300FCFA6E /* Base */,
			);
			name = LaunchScreen.storyboard;
			sourceTree = "<group>";
		};
/* End PBXVariantGroup section */

/* Begin XCBuildConfiguration section */
		4927523623432F4300FCFA6E /* Debug */ = {
			isa = XCBuildConfiguration;
			buildSettings = {
				ALWAYS_SEARCH_USER_PATHS = NO;
				CLANG_ANALYZER_NONNULL = YES;
				CLANG_ANALYZER_NUMBER_OBJECT_CONVERSION = YES_AGGRESSIVE;
				CLANG_CXX_LANGUAGE_STANDARD = "gnu++14";
				CLANG_CXX_LIBRARY = "libc++";
				CLANG_ENABLE_MODULES = YES;
				CLANG_ENABLE_OBJC_ARC = YES;
				CLANG_ENABLE_OBJC_WEAK = YES;
				CLANG_WARN_BLOCK_CAPTURE_AUTORELEASING = YES;
				CLANG_WARN_BOOL_CONVERSION = YES;
				CLANG_WARN_COMMA = YES;
				CLANG_WARN_CONSTANT_CONVERSION = YES;
				CLANG_WARN_DEPRECATED_OBJC_IMPLEMENTATIONS = YES;
				CLANG_WARN_DIRECT_OBJC_ISA_USAGE = YES_ERROR;
				CLANG_WARN_DOCUMENTATION_COMMENTS = YES;
				CLANG_WARN_EMPTY_BODY = YES;
				CLANG_WARN_ENUM_CONVERSION = YES;
				CLANG_WARN_INFINITE_RECURSION = YES;
				CLANG_WARN_INT_CONVERSION = YES;
				CLANG_WARN_NON_LITERAL_NULL_CONVERSION = YES;
				CLANG_WARN_OBJC_IMPLICIT_RETAIN_SELF = YES;
				CLANG_WARN_OBJC_LITERAL_CONVERSION = YES;
				CLANG_WARN_OBJC_ROOT_CLASS = YES_ERROR;
				CLANG_WARN_QUOTED_INCLUDE_IN_FRAMEWORK_HEADER = YES;
				CLANG_WARN_RANGE_LOOP_ANALYSIS = YES;
				CLANG_WARN_STRICT_PROTOTYPES = YES;
				CLANG_WARN_SUSPICIOUS_MOVE = YES;
				CLANG_WARN_UNGUARDED_AVAILABILITY = YES_AGGRESSIVE;
				CLANG_WARN_UNREACHABLE_CODE = YES;
				CLANG_WARN__DUPLICATE_METHOD_MATCH = YES;
				COPY_PHASE_STRIP = NO;
				DEBUG_INFORMATION_FORMAT = dwarf;
				ENABLE_STRICT_OBJC_MSGSEND = YES;
				ENABLE_TESTABILITY = YES;
				GCC_C_LANGUAGE_STANDARD = gnu11;
				GCC_DYNAMIC_NO_PIC = NO;
				GCC_NO_COMMON_BLOCKS = YES;
				GCC_OPTIMIZATION_LEVEL = 0;
				GCC_PREPROCESSOR_DEFINITIONS = (
					"DEBUG=1",
					"$(inherited)",
				);
				GCC_WARN_64_TO_32_BIT_CONVERSION = YES;
				GCC_WARN_ABOUT_RETURN_TYPE = YES_ERROR;
				GCC_WARN_UNDECLARED_SELECTOR = YES;
				GCC_WARN_UNINITIALIZED_AUTOS = YES_AGGRESSIVE;
				GCC_WARN_UNUSED_FUNCTION = YES;
				GCC_WARN_UNUSED_VARIABLE = YES;
				IPHONEOS_DEPLOYMENT_TARGET = 13.0;
				MTL_ENABLE_DEBUG_INFO = INCLUDE_SOURCE;
				MTL_FAST_MATH = YES;
				ONLY_ACTIVE_ARCH = YES;
				SDKROOT = iphoneos;
				SWIFT_ACTIVE_COMPILATION_CONDITIONS = DEBUG;
				SWIFT_OPTIMIZATION_LEVEL = "-Onone";
			};
			name = Debug;
		};
		4927523723432F4300FCFA6E /* Release */ = {
			isa = XCBuildConfiguration;
			buildSettings = {
				ALWAYS_SEARCH_USER_PATHS = NO;
				CLANG_ANALYZER_NONNULL = YES;
				CLANG_ANALYZER_NUMBER_OBJECT_CONVERSION = YES_AGGRESSIVE;
				CLANG_CXX_LANGUAGE_STANDARD = "gnu++14";
				CLANG_CXX_LIBRARY = "libc++";
				CLANG_ENABLE_MODULES = YES;
				CLANG_ENABLE_OBJC_ARC = YES;
				CLANG_ENABLE_OBJC_WEAK = YES;
				CLANG_WARN_BLOCK_CAPTURE_AUTORELEASING = YES;
				CLANG_WARN_BOOL_CONVERSION = YES;
				CLANG_WARN_COMMA = YES;
				CLANG_WARN_CONSTANT_CONVERSION = YES;
				CLANG_WARN_DEPRECATED_OBJC_IMPLEMENTATIONS = YES;
				CLANG_WARN_DIRECT_OBJC_ISA_USAGE = YES_ERROR;
				CLANG_WARN_DOCUMENTATION_COMMENTS = YES;
				CLANG_WARN_EMPTY_BODY = YES;
				CLANG_WARN_ENUM_CONVERSION = YES;
				CLANG_WARN_INFINITE_RECURSION = YES;
				CLANG_WARN_INT_CONVERSION = YES;
				CLANG_WARN_NON_LITERAL_NULL_CONVERSION = YES;
				CLANG_WARN_OBJC_IMPLICIT_RETAIN_SELF = YES;
				CLANG_WARN_OBJC_LITERAL_CONVERSION = YES;
				CLANG_WARN_OBJC_ROOT_CLASS = YES_ERROR;
				CLANG_WARN_QUOTED_INCLUDE_IN_FRAMEWORK_HEADER = YES;
				CLANG_WARN_RANGE_LOOP_ANALYSIS = YES;
				CLANG_WARN_STRICT_PROTOTYPES = YES;
				CLANG_WARN_SUSPICIOUS_MOVE = YES;
				CLANG_WARN_UNGUARDED_AVAILABILITY = YES_AGGRESSIVE;
				CLANG_WARN_UNREACHABLE_CODE = YES;
				CLANG_WARN__DUPLICATE_METHOD_MATCH = YES;
				COPY_PHASE_STRIP = NO;
				DEBUG_INFORMATION_FORMAT = "dwarf-with-dsym";
				ENABLE_NS_ASSERTIONS = NO;
				ENABLE_STRICT_OBJC_MSGSEND = YES;
				GCC_C_LANGUAGE_STANDARD = gnu11;
				GCC_NO_COMMON_BLOCKS = YES;
				GCC_WARN_64_TO_32_BIT_CONVERSION = YES;
				GCC_WARN_ABOUT_RETURN_TYPE = YES_ERROR;
				GCC_WARN_UNDECLARED_SELECTOR = YES;
				GCC_WARN_UNINITIALIZED_AUTOS = YES_AGGRESSIVE;
				GCC_WARN_UNUSED_FUNCTION = YES;
				GCC_WARN_UNUSED_VARIABLE = YES;
				IPHONEOS_DEPLOYMENT_TARGET = 13.0;
				MTL_ENABLE_DEBUG_INFO = NO;
				MTL_FAST_MATH = YES;
				SDKROOT = iphoneos;
				SWIFT_COMPILATION_MODE = wholemodule;
				SWIFT_OPTIMIZATION_LEVEL = "-O";
				VALIDATE_PRODUCT = YES;
			};
			name = Release;
		};
		4927523923432F4300FCFA6E /* Debug */ = {
			isa = XCBuildConfiguration;
			baseConfigurationReference = 74ED5CE3EDC516BC55368A0A /* Pods-Liste.debug.xcconfig */;
			buildSettings = {
				ASSETCATALOG_COMPILER_APPICON_NAME = AppIcon;
				CODE_SIGN_STYLE = Automatic;
				DEVELOPMENT_TEAM = XL5JK4F896;
				INFOPLIST_FILE = Liste/Info.plist;
				IPHONEOS_DEPLOYMENT_TARGET = 12.0;
				LD_RUNPATH_SEARCH_PATHS = (
					"$(inherited)",
					"@executable_path/Frameworks",
				);
				PRODUCT_BUNDLE_IDENTIFIER = sg.tk.Liste;
				PRODUCT_NAME = "$(TARGET_NAME)";
				SWIFT_VERSION = 5.0;
				TARGETED_DEVICE_FAMILY = 1;
			};
			name = Debug;
		};
		4927523A23432F4300FCFA6E /* Release */ = {
			isa = XCBuildConfiguration;
			baseConfigurationReference = 55D8F4B67E36774477049986 /* Pods-Liste.release.xcconfig */;
			buildSettings = {
				ASSETCATALOG_COMPILER_APPICON_NAME = AppIcon;
				CODE_SIGN_STYLE = Automatic;
				DEVELOPMENT_TEAM = XL5JK4F896;
				INFOPLIST_FILE = Liste/Info.plist;
				IPHONEOS_DEPLOYMENT_TARGET = 12.0;
				LD_RUNPATH_SEARCH_PATHS = (
					"$(inherited)",
					"@executable_path/Frameworks",
				);
				PRODUCT_BUNDLE_IDENTIFIER = sg.tk.Liste;
				PRODUCT_NAME = "$(TARGET_NAME)";
				SWIFT_VERSION = 5.0;
				TARGETED_DEVICE_FAMILY = 1;
			};
			name = Release;
		};
/* End XCBuildConfiguration section */

/* Begin XCConfigurationList section */
		4927521F23432F4200FCFA6E /* Build configuration list for PBXProject "Liste" */ = {
			isa = XCConfigurationList;
			buildConfigurations = (
				4927523623432F4300FCFA6E /* Debug */,
				4927523723432F4300FCFA6E /* Release */,
			);
			defaultConfigurationIsVisible = 0;
			defaultConfigurationName = Release;
		};
		4927523823432F4300FCFA6E /* Build configuration list for PBXNativeTarget "Liste" */ = {
			isa = XCConfigurationList;
			buildConfigurations = (
				4927523923432F4300FCFA6E /* Debug */,
				4927523A23432F4300FCFA6E /* Release */,
			);
			defaultConfigurationIsVisible = 0;
			defaultConfigurationName = Release;
		};
/* End XCConfigurationList section */
	};
	rootObject = 4927521C23432F4200FCFA6E /* Project object */;
}
